
Microsoft Visual Studio Solution File, Format Version 12.00
# Visual Studio Version 16
VisualStudioVersion = 16.0.31005.135
MinimumVisualStudioVersion = 10.0.40219.1
Project("{FAE04EC0-301F-11D3-BF4B-00C04F79EFBC}") = "deneme", "deneme\deneme.csproj", "{983645CE-0328-4A81-A32D-F27331541ECA}"
EndProject
Project("{FAE04EC0-301F-11D3-BF4B-00C04F79EFBC}") = "console", "console\console.csproj", "{6399ED61-CB2A-4935-A290-F27983DF8579}"
EndProject
Global
	GlobalSection(SolutionConfigurationPlatforms) = preSolution
		Debug|Any CPU = Debug|Any CPU
		Release|Any CPU = Release|Any CPU
	EndGlobalSection
	GlobalSection(ProjectConfigurationPlatforms) = postSolution
		{983645CE-0328-4A81-A32D-F27331541ECA}.Debug|Any CPU.ActiveCfg = Debug|Any CPU
		{983645CE-0328-4A81-A32D-F27331541ECA}.Debug|Any CPU.Build.0 = Debug|Any CPU
		{983645CE-0328-4A81-A32D-F27331541ECA}.Release|Any CPU.ActiveCfg = Release|Any CPU
		{983645CE-0328-4A81-A32D-F27331541ECA}.Release|Any CPU.Build.0 = Release|Any CPU
		{6399ED61-CB2A-4935-A290-F27983DF8579}.Debug|Any CPU.ActiveCfg = Debug|Any CPU
		{6399ED61-CB2A-4935-A290-F27983DF8579}.Debug|Any CPU.Build.0 = Debug|Any CPU
		{6399ED61-CB2A-4935-A290-F27983DF8579}.Release|Any CPU.ActiveCfg = Release|Any CPU
		{6399ED61-CB2A-4935-A290-F27983DF8579}.Release|Any CPU.Build.0 = Release|Any CPU
	EndGlobalSection
	GlobalSection(SolutionProperties) = preSolution
		HideSolutionNode = FALSE
	EndGlobalSection
	GlobalSection(ExtensibilityGlobals) = postSolution
		SolutionGuid = {A5B08407-4304-4E2C-96E3-293905B904FD}
	EndGlobalSection
EndGlobal
